
Microsoft Visual Studio Solution File, Format Version 12.00
# Visual Studio Version 17
VisualStudioVersion = 17.12.35527.113
MinimumVisualStudioVersion = 10.0.40219.1
Project("{FAE04EC0-301F-11D3-BF4B-00C04F79EFBC}") = "Week5", "Week5\Week5.csproj", "{17EF870C-CB57-4547-9B4D-E624F0168DAD}"
EndProject
Project("{FAE04EC0-301F-11D3-BF4B-00C04F79EFBC}") = "TestProject1", "TestProject1\TestProject1.csproj", "{BFF35646-A783-43B5-8590-1B5A89E56B80}"
EndProject
Global
	GlobalSection(SolutionConfigurationPlatforms) = preSolution
		Debug|Any CPU = Debug|Any CPU
		Release|Any CPU = Release|Any CPU
	EndGlobalSection
	GlobalSection(ProjectConfigurationPlatforms) = postSolution
		{17EF870C-CB57-4547-9B4D-E624F0168DAD}.Debug|Any CPU.ActiveCfg = Debug|Any CPU
		{17EF870C-CB57-4547-9B4D-E624F0168DAD}.Debug|Any CPU.Build.0 = Debug|Any CPU
		{17EF870C-CB57-4547-9B4D-E624F0168DAD}.Release|Any CPU.ActiveCfg = Release|Any CPU
		{17EF870C-CB57-4547-9B4D-E624F0168DAD}.Release|Any CPU.Build.0 = Release|Any CPU
		{BFF35646-A783-43B5-8590-1B5A89E56B80}.Debug|Any CPU.ActiveCfg = Debug|Any CPU
		{BFF35646-A783-43B5-8590-1B5A89E56B80}.Debug|Any CPU.Build.0 = Debug|Any CPU
		{BFF35646-A783-43B5-8590-1B5A89E56B80}.Release|Any CPU.ActiveCfg = Release|Any CPU
		{BFF35646-A783-43B5-8590-1B5A89E56B80}.Release|Any CPU.Build.0 = Release|Any CPU
	EndGlobalSection
	GlobalSection(SolutionProperties) = preSolution
		HideSolutionNode = FALSE
	EndGlobalSection
	GlobalSection(ExtensibilityGlobals) = postSolution
		SolutionGuid = {40417FB4-C524-4508-A08F-93D3ED9E9BA4}
	EndGlobalSection
EndGlobal
